
Microsoft Visual Studio Solution File, Format Version 12.00
# Visual Studio Version 17
VisualStudioVersion = 17.14.36301.6
MinimumVisualStudioVersion = 10.0.40219.1
Project("{FAE04EC0-301F-11D3-BF4B-00C04F79EFBC}") = "DELIGHT.Presentation.Api", "DELIGHT\DELIGHT.Presentation.Api.csproj", "{0EB7E245-456D-4A46-A570-BEF082A5EF85}"
EndProject
Project("{FAE04EC0-301F-11D3-BF4B-00C04F79EFBC}") = "DELIGHT.Core.Domain", "DELIGHT.Core.Domain\DELIGHT.Core.Domain.csproj", "{DA9B9DA2-EA2B-4650-BDCC-887B5D62B04E}"
EndProject
Project("{FAE04EC0-301F-11D3-BF4B-00C04F79EFBC}") = "DELIGHT.Infrastructure.Persistence", "DELIGHT.Infrastructure.Persistence\DELIGHT.Infrastructure.Persistence.csproj", "{2B8958C8-F5B9-420F-9967-86DC2CCA0CD4}"
EndProject
Project("{FAE04EC0-301F-11D3-BF4B-00C04F79EFBC}") = "DELIGHT.Core.Application", "DELIGHT.Core.Application\DELIGHT.Core.Application.csproj", "{95C0787E-AB70-4CC9-B78E-618C1A8C4096}"
EndProject
Project("{E53339B2-1760-4266-BCC7-CA923CBCF16C}") = "docker-compose", "docker-compose.dcproj", "{81DDED9D-158B-E303-5F62-77A2896D2A5A}"
EndProject
Global
	GlobalSection(SolutionConfigurationPlatforms) = preSolution
		Debug|Any CPU = Debug|Any CPU
		Release|Any CPU = Release|Any CPU
	EndGlobalSection
	GlobalSection(ProjectConfigurationPlatforms) = postSolution
		{0EB7E245-456D-4A46-A570-BEF082A5EF85}.Debug|Any CPU.ActiveCfg = Debug|Any CPU
		{0EB7E245-456D-4A46-A570-BEF082A5EF85}.Debug|Any CPU.Build.0 = Debug|Any CPU
		{0EB7E245-456D-4A46-A570-BEF082A5EF85}.Release|Any CPU.ActiveCfg = Release|Any CPU
		{0EB7E245-456D-4A46-A570-BEF082A5EF85}.Release|Any CPU.Build.0 = Release|Any CPU
		{DA9B9DA2-EA2B-4650-BDCC-887B5D62B04E}.Debug|Any CPU.ActiveCfg = Debug|Any CPU
		{DA9B9DA2-EA2B-4650-BDCC-887B5D62B04E}.Debug|Any CPU.Build.0 = Debug|Any CPU
		{DA9B9DA2-EA2B-4650-BDCC-887B5D62B04E}.Release|Any CPU.ActiveCfg = Release|Any CPU
		{DA9B9DA2-EA2B-4650-BDCC-887B5D62B04E}.Release|Any CPU.Build.0 = Release|Any CPU
		{2B8958C8-F5B9-420F-9967-86DC2CCA0CD4}.Debug|Any CPU.ActiveCfg = Debug|Any CPU
		{2B8958C8-F5B9-420F-9967-86DC2CCA0CD4}.Debug|Any CPU.Build.0 = Debug|Any CPU
		{2B8958C8-F5B9-420F-9967-86DC2CCA0CD4}.Release|Any CPU.ActiveCfg = Release|Any CPU
		{2B8958C8-F5B9-420F-9967-86DC2CCA0CD4}.Release|Any CPU.Build.0 = Release|Any CPU
		{95C0787E-AB70-4CC9-B78E-618C1A8C4096}.Debug|Any CPU.ActiveCfg = Debug|Any CPU
		{95C0787E-AB70-4CC9-B78E-618C1A8C4096}.Debug|Any CPU.Build.0 = Debug|Any CPU
		{95C0787E-AB70-4CC9-B78E-618C1A8C4096}.Release|Any CPU.ActiveCfg = Release|Any CPU
		{95C0787E-AB70-4CC9-B78E-618C1A8C4096}.Release|Any CPU.Build.0 = Release|Any CPU
		{81DDED9D-158B-E303-5F62-77A2896D2A5A}.Debug|Any CPU.ActiveCfg = Debug|Any CPU
		{81DDED9D-158B-E303-5F62-77A2896D2A5A}.Debug|Any CPU.Build.0 = Debug|Any CPU
		{81DDED9D-158B-E303-5F62-77A2896D2A5A}.Release|Any CPU.ActiveCfg = Release|Any CPU
		{81DDED9D-158B-E303-5F62-77A2896D2A5A}.Release|Any CPU.Build.0 = Release|Any CPU
	EndGlobalSection
	GlobalSection(SolutionProperties) = preSolution
		HideSolutionNode = FALSE
	EndGlobalSection
	GlobalSection(ExtensibilityGlobals) = postSolution
		SolutionGuid = {C90D4ABC-CCAD-48CF-9DBB-43102AE5D04C}
	EndGlobalSection
EndGlobal
